// !$*UTF8*$!
{
	archiveVersion = 1;
	classes = {
	};
	objectVersion = 50;
	objects = {

/* Begin PBXBuildFile section */
		35FFCAF422A6E9BC00689298 /* AppDelegate.swift in Sources */ = {isa = PBXBuildFile; fileRef = 35FFCAF322A6E9BC00689298 /* AppDelegate.swift */; };
		35FFCAF622A6E9BC00689298 /* SceneDelegate.swift in Sources */ = {isa = PBXBuildFile; fileRef = 35FFCAF522A6E9BC00689298 /* SceneDelegate.swift */; };
		35FFCAF822A6E9BC00689298 /* ContentView.swift in Sources */ = {isa = PBXBuildFile; fileRef = 35FFCAF722A6E9BC00689298 /* ContentView.swift */; };
		35FFCAFA22A6E9BD00689298 /* Assets.xcassets in Resources */ = {isa = PBXBuildFile; fileRef = 35FFCAF922A6E9BD00689298 /* Assets.xcassets */; };
		35FFCAFD22A6E9BD00689298 /* Preview Assets.xcassets in Resources */ = {isa = PBXBuildFile; fileRef = 35FFCAFC22A6E9BD00689298 /* Preview Assets.xcassets */; };
		35FFCB0022A6E9BD00689298 /* LaunchScreen.storyboard in Resources */ = {isa = PBXBuildFile; fileRef = 35FFCAFE22A6E9BD00689298 /* LaunchScreen.storyboard */; };
/* End PBXBuildFile section */

/* Begin PBXFileReference section */
		35FFCAF022A6E9BC00689298 /* Room.app */ = {isa = PBXFileReference; explicitFileType = wrapper.application; includeInIndex = 0; path = Room.app; sourceTree = BUILT_PRODUCTS_DIR; };
		35FFCAF322A6E9BC00689298 /* AppDelegate.swift */ = {isa = PBXFileReference; lastKnownFileType = sourcecode.swift; path = AppDelegate.swift; sourceTree = "<group>"; };
		35FFCAF522A6E9BC00689298 /* SceneDelegate.swift */ = {isa = PBXFileReference; lastKnownFileType = sourcecode.swift; path = SceneDelegate.swift; sourceTree = "<group>"; };
		35FFCAF722A6E9BC00689298 /* ContentView.swift */ = {isa = PBXFileReference; lastKnownFileType = sourcecode.swift; path = ContentView.swift; sourceTree = "<group>"; };
		35FFCAF922A6E9BD00689298 /* Assets.xcassets */ = {isa = PBXFileReference; lastKnownFileType = folder.assetcatalog; path = Assets.xcassets; sourceTree = "<group>"; };
		35FFCAFC22A6E9BD00689298 /* Preview Assets.xcassets */ = {isa = PBXFileReference; lastKnownFileType = folder.assetcatalog; path = "Preview Assets.xcassets"; sourceTree = "<group>"; };
		35FFCAFF22A6E9BD00689298 /* Base */ = {isa = PBXFileReference; lastKnownFileType = file.storyboard; name = Base; path = Base.lproj/LaunchScreen.storyboard; sourceTree = "<group>"; };
		35FFCB0122A6E9BD00689298 /* Info.plist */ = {isa = PBXFileReference; lastKnownFileType = text.plist.xml; path = Info.plist; sourceTree = "<group>"; };
/* End PBXFileReference section */

/* Begin PBXFrameworksBuildPhase section */
		35FFCAED22A6E9BC00689298 /* Frameworks */ = {
			isa = PBXFrameworksBuildPhase;
			buildActionMask = 2147483647;
			files = (
			);
			runOnlyForDeploymentPostprocessing = 0;
		};
/* End PBXFrameworksBuildPhase section */

/* Begin PBXGroup section */
		35FFCAE722A6E9BC00689298 = {
			isa = PBXGroup;
			children = (
				35FFCAF222A6E9BC00689298 /* Room */,
				35FFCAF122A6E9BC00689298 /* Products */,
			);
			sourceTree = "<group>";
		};
		35FFCAF122A6E9BC00689298 /* Products */ = {
			isa = PBXGroup;
			children = (
				35FFCAF022A6E9BC00689298 /* Room.app */,
			);
			name = Products;
			sourceTree = "<group>";
		};
		35FFCAF222A6E9BC00689298 /* Room */ = {
			isa = PBXGroup;
			children = (
				35FFCAF322A6E9BC00689298 /* AppDelegate.swift */,
				35FFCAF522A6E9BC00689298 /* SceneDelegate.swift */,
				35FFCAF722A6E9BC00689298 /* ContentView.swift */,
				35FFCAF922A6E9BD00689298 /* Assets.xcassets */,
				35FFCAFE22A6E9BD00689298 /* LaunchScreen.storyboard */,
				35FFCB0122A6E9BD00689298 /* Info.plist */,
				35FFCAFB22A6E9BD00689298 /* Preview Content */,
			);
			path = Room;
			sourceTree = "<group>";
		};
		35FFCAFB22A6E9BD00689298 /* Preview Content */ = {
			isa = PBXGroup;
			children = (
				35FFCAFC22A6E9BD00689298 /* Preview Assets.xcassets */,
			);
			path = "Preview Content";
			sourceTree = "<group>";
		};
/* End PBXGroup section */

/* Begin PBXNativeTarget section */
		35FFCAEF22A6E9BC00689298 /* Room */ = {
			isa = PBXNativeTarget;
			buildConfigurationList = 35FFCB0422A6E9BD00689298 /* Build configuration list for PBXNativeTarget "Room" */;
			buildPhases = (
				35FFCAEC22A6E9BC00689298 /* Sources */,
				35FFCAED22A6E9BC00689298 /* Frameworks */,
				35FFCAEE22A6E9BC00689298 /* Resources */,
			);
			buildRules = (
			);
			dependencies = (
			);
			name = Room;
			productName = Room;
			productReference = 35FFCAF022A6E9BC00689298 /* Room.app */;
			productType = "com.apple.product-type.application";
		};
/* End PBXNativeTarget section */

/* Begin PBXProject section */
		35FFCAE822A6E9BC00689298 /* Project object */ = {
			isa = PBXProject;
			attributes = {
				LastSwiftUpdateCheck = 1100;
				LastUpgradeCheck = 1100;
				ORGANIZATIONNAME = "Long Island Univrsity";
				TargetAttributes = {
					35FFCAEF22A6E9BC00689298 = {
						CreatedOnToolsVersion = 11.0;
					};
				};
			};
			buildConfigurationList = 35FFCAEB22A6E9BC00689298 /* Build configuration list for PBXProject "Room" */;
			compatibilityVersion = "Xcode 9.3";
			developmentRegion = en;
			hasScannedForEncodings = 0;
			knownRegions = (
				en,
				Base,
			);
			mainGroup = 35FFCAE722A6E9BC00689298;
			productRefGroup = 35FFCAF122A6E9BC00689298 /* Products */;
			projectDirPath = "";
			projectRoot = "";
			targets = (
				35FFCAEF22A6E9BC00689298 /* Room */,
			);
		};
/* End PBXProject section */

/* Begin PBXResourcesBuildPhase section */
		35FFCAEE22A6E9BC00689298 /* Resources */ = {
			isa = PBXResourcesBuildPhase;
			buildActionMask = 2147483647;
			files = (
				35FFCB0022A6E9BD00689298 /* LaunchScreen.storyboard in Resources */,
				35FFCAFD22A6E9BD00689298 /* Preview Assets.xcassets in Resources */,
				35FFCAFA22A6E9BD00689298 /* Assets.xcassets in Resources */,
			);
			runOnlyForDeploymentPostprocessing = 0;
		};
/* End PBXResourcesBuildPhase section */

/* Begin PBXSourcesBuildPhase section */
		35FFCAEC22A6E9BC00689298 /* Sources */ = {
			isa = PBXSourcesBuildPhase;
			buildActionMask = 2147483647;
			files = (
				35FFCAF422A6E9BC00689298 /* AppDelegate.swift in Sources */,
				35FFCAF622A6E9BC00689298 /* SceneDelegate.swift in Sources */,
				35FFCAF822A6E9BC00689298 /* ContentView.swift in Sources */,
			);
			runOnlyForDeploymentPostprocessing = 0;
		};
/* End PBXSourcesBuildPhase section */

/* Begin PBXVariantGroup section */
		35FFCAFE22A6E9BD00689298 /* LaunchScreen.storyboard */ = {
			isa = PBXVariantGroup;
			children = (
				35FFCAFF22A6E9BD00689298 /* Base */,
			);
			name = LaunchScreen.storyboard;
			sourceTree = "<group>";
		};
/* End PBXVariantGroup section */

/* Begin XCBuildConfiguration section */
		35FFCB0222A6E9BD00689298 /* Debug */ = {
			isa = XCBuildConfiguration;
			buildSettings = {
				ALWAYS_SEARCH_USER_PATHS = NO;
				CLANG_ANALYZER_NONNULL = YES;
				CLANG_ANALYZER_NUMBER_OBJECT_CONVERSION = YES_AGGRESSIVE;
				CLANG_CXX_LANGUAGE_STANDARD = "gnu++14";
				CLANG_CXX_LIBRARY = "libc++";
				CLANG_ENABLE_MODULES = YES;
				CLANG_ENABLE_OBJC_ARC = YES;
				CLANG_ENABLE_OBJC_WEAK = YES;
				CLANG_WARN_BLOCK_CAPTURE_AUTORELEASING = YES;
				CLANG_WARN_BOOL_CONVERSION = YES;
				CLANG_WARN_COMMA = YES;
				CLANG_WARN_CONSTANT_CONVERSION = YES;
				CLANG_WARN_DEPRECATED_OBJC_IMPLEMENTATIONS = YES;
				CLANG_WARN_DIRECT_OBJC_ISA_USAGE = YES_ERROR;
				CLANG_WARN_DOCUMENTATION_COMMENTS = YES;
				CLANG_WARN_EMPTY_BODY = YES;
				CLANG_WARN_ENUM_CONVERSION = YES;
				CLANG_WARN_INFINITE_RECURSION = YES;
				CLANG_WARN_INT_CONVERSION = YES;
				CLANG_WARN_NON_LITERAL_NULL_CONVERSION = YES;
				CLANG_WARN_OBJC_IMPLICIT_RETAIN_SELF = YES;
				CLANG_WARN_OBJC_LITERAL_CONVERSION = YES;
				CLANG_WARN_OBJC_ROOT_CLASS = YES_ERROR;
				CLANG_WARN_RANGE_LOOP_ANALYSIS = YES;
				CLANG_WARN_STRICT_PROTOTYPES = YES;
				CLANG_WARN_SUSPICIOUS_MOVE = YES;
				CLANG_WARN_UNGUARDED_AVAILABILITY = YES_AGGRESSIVE;
				CLANG_WARN_UNREACHABLE_CODE = YES;
				CLANG_WARN__DUPLICATE_METHOD_MATCH = YES;
				COPY_PHASE_STRIP = NO;
				DEBUG_INFORMATION_FORMAT = dwarf;
				ENABLE_STRICT_OBJC_MSGSEND = YES;
				ENABLE_TESTABILITY = YES;
				GCC_C_LANGUAGE_STANDARD = gnu11;
				GCC_DYNAMIC_NO_PIC = NO;
				GCC_NO_COMMON_BLOCKS = YES;
				GCC_OPTIMIZATION_LEVEL = 0;
				GCC_PREPROCESSOR_DEFINITIONS = (
					"DEBUG=1",
					"$(inherited)",
				);
				GCC_WARN_64_TO_32_BIT_CONVERSION = YES;
				GCC_WARN_ABOUT_RETURN_TYPE = YES_ERROR;
				GCC_WARN_UNDECLARED_SELECTOR = YES;
				GCC_WARN_UNINITIALIZED_AUTOS = YES_AGGRESSIVE;
				GCC_WARN_UNUSED_FUNCTION = YES;
				GCC_WARN_UNUSED_VARIABLE = YES;
				IPHONEOS_DEPLOYMENT_TARGET = 13.0;
				MTL_ENABLE_DEBUG_INFO = INCLUDE_SOURCE;
				MTL_FAST_MATH = YES;
				ONLY_ACTIVE_ARCH = YES;
				SDKROOT = iphoneos;
				SWIFT_ACTIVE_COMPILATION_CONDITIONS = DEBUG;
				SWIFT_OPTIMIZATION_LEVEL = "-Onone";
			};
			name = Debug;
		};
		35FFCB0322A6E9BD00689298 /* Release */ = {
			isa = XCBuildConfiguration;
			buildSettings = {
				ALWAYS_SEARCH_USER_PATHS = NO;
				CLANG_ANALYZER_NONNULL = YES;
				CLANG_ANALYZER_NUMBER_OBJECT_CONVERSION = YES_AGGRESSIVE;
				CLANG_CXX_LANGUAGE_STANDARD = "gnu++14";
				CLANG_CXX_LIBRARY = "libc++";
				CLANG_ENABLE_MODULES = YES;
				CLANG_ENABLE_OBJC_ARC = YES;
				CLANG_ENABLE_OBJC_WEAK = YES;
				CLANG_WARN_BLOCK_CAPTURE_AUTORELEASING = YES;
				CLANG_WARN_BOOL_CONVERSION = YES;
				CLANG_WARN_COMMA = YES;
				CLANG_WARN_CONSTANT_CONVERSION = YES;
				CLANG_WARN_DEPRECATED_OBJC_IMPLEMENTATIONS = YES;
				CLANG_WARN_DIRECT_OBJC_ISA_USAGE = YES_ERROR;
				CLANG_WARN_DOCUMENTATION_COMMENTS = YES;
				CLANG_WARN_EMPTY_BODY = YES;
				CLANG_WARN_ENUM_CONVERSION = YES;
				CLANG_WARN_INFINITE_RECURSION = YES;
				CLANG_WARN_INT_CONVERSION = YES;
				CLANG_WARN_NON_LITERAL_NULL_CONVERSION = YES;
				CLANG_WARN_OBJC_IMPLICIT_RETAIN_SELF = YES;
				CLANG_WARN_OBJC_LITERAL_CONVERSION = YES;
				CLANG_WARN_OBJC_ROOT_CLASS = YES_ERROR;
				CLANG_WARN_RANGE_LOOP_ANALYSIS = YES;
				CLANG_WARN_STRICT_PROTOTYPES = YES;
				CLANG_WARN_SUSPICIOUS_MOVE = YES;
				CLANG_WARN_UNGUARDED_AVAILABILITY = YES_AGGRESSIVE;
				CLANG_WARN_UNREACHABLE_CODE = YES;
				CLANG_WARN__DUPLICATE_METHOD_MATCH = YES;
				COPY_PHASE_STRIP = NO;
				DEBUG_INFORMATION_FORMAT = "dwarf-with-dsym";
				ENABLE_NS_ASSERTIONS = NO;
				ENABLE_STRICT_OBJC_MSGSEND = YES;
				GCC_C_LANGUAGE_STANDARD = gnu11;
				GCC_NO_COMMON_BLOCKS = YES;
				GCC_WARN_64_TO_32_BIT_CONVERSION = YES;
				GCC_WARN_ABOUT_RETURN_TYPE = YES_ERROR;
				GCC_WARN_UNDECLARED_SELECTOR = YES;
				GCC_WARN_UNINITIALIZED_AUTOS = YES_AGGRESSIVE;
				GCC_WARN_UNUSED_FUNCTION = YES;
				GCC_WARN_UNUSED_VARIABLE = YES;
				IPHONEOS_DEPLOYMENT_TARGET = 13.0;
				MTL_ENABLE_DEBUG_INFO = NO;
				MTL_FAST_MATH = YES;
				SDKROOT = iphoneos;
				SWIFT_COMPILATION_MODE = wholemodule;
				SWIFT_OPTIMIZATION_LEVEL = "-O";
				VALIDATE_PRODUCT = YES;
			};
			name = Release;
		};
		35FFCB0522A6E9BD00689298 /* Debug */ = {
			isa = XCBuildConfiguration;
			buildSettings = {
				ASSETCATALOG_COMPILER_APPICON_NAME = AppIcon;
				CODE_SIGN_STYLE = Automatic;
				DEVELOPMENT_ASSET_PATHS = "Room/Preview\\ Content";
				DEVELOPMENT_TEAM = XW7DGA7KXU;
				ENABLE_PREVIEWS = YES;
				INFOPLIST_FILE = Room/Info.plist;
				LD_RUNPATH_SEARCH_PATHS = (
					"$(inherited)",
					"@executable_path/Frameworks",
				);
				PRODUCT_BUNDLE_IDENTIFIER = edu.liu.Room;
				PRODUCT_NAME = "$(TARGET_NAME)";
				SWIFT_VERSION = 5.0;
				TARGETED_DEVICE_FAMILY = "1,2";
			};
			name = Debug;
		};
		35FFCB0622A6E9BD00689298 /* Release */ = {
			isa = XCBuildConfiguration;
			buildSettings = {
				ASSETCATALOG_COMPILER_APPICON_NAME = AppIcon;
				CODE_SIGN_STYLE = Automatic;
				DEVELOPMENT_ASSET_PATHS = "Room/Preview\\ Content";
				DEVELOPMENT_TEAM = XW7DGA7KXU;
				ENABLE_PREVIEWS = YES;
				INFOPLIST_FILE = Room/Info.plist;
				LD_RUNPATH_SEARCH_PATHS = (
					"$(inherited)",
					"@executable_path/Frameworks",
				);
				PRODUCT_BUNDLE_IDENTIFIER = edu.liu.Room;
				PRODUCT_NAME = "$(TARGET_NAME)";
				SWIFT_VERSION = 5.0;
				TARGETED_DEVICE_FAMILY = "1,2";
			};
			name = Release;
		};
/* End XCBuildConfiguration section */

/* Begin XCConfigurationList section */
		35FFCAEB22A6E9BC00689298 /* Build configuration list for PBXProject "Room" */ = {
			isa = XCConfigurationList;
			buildConfigurations = (
				35FFCB0222A6E9BD00689298 /* Debug */,
				35FFCB0322A6E9BD00689298 /* Release */,
			);
			defaultConfigurationIsVisible = 0;
			defaultConfigurationName = Release;
		};
		35FFCB0422A6E9BD00689298 /* Build configuration list for PBXNativeTarget "Room" */ = {
			isa = XCConfigurationList;
			buildConfigurations = (
				35FFCB0522A6E9BD00689298 /* Debug */,
				35FFCB0622A6E9BD00689298 /* Release */,
			);
			defaultConfigurationIsVisible = 0;
			defaultConfigurationName = Release;
		};
/* End XCConfigurationList section */
	};
	rootObject = 35FFCAE822A6E9BC00689298 /* Project object */;
}
